# THIS IS AN AUTOGENERATED FILE. DO NOT EDIT THIS FILE DIRECTLY.
# yarn lockfile v1


"@angular/core@^17.0.0":
  "integrity" "sha512-HWcrbxqnvIMSxFuQdN0KPt08bc87hqr0LKm89yuRTUwx/2sNJlNQUobk6aJj4trswGBttcRDT+GOS4DQP2Nr4g=="
  "resolved" "https://registry.npmjs.org/@angular/core/-/core-17.3.7.tgz"
  "version" "17.3.7"
  dependencies:
    "tslib" "^2.3.0"

"eventemitter3@^5.0.1":
  "integrity" "sha512-GWkBvjiSZK87ELrYOSESUYeVIc9mvLLf/nXalMOS5dYrgZq9o5OVkbZAVM06CVxYsCwH9BDZFPlQTlPA1j4ahA=="
  "resolved" "https://registry.npmjs.org/eventemitter3/-/eventemitter3-5.0.1.tgz"
  "version" "5.0.1"

"fast-diff@^1.3.0":
  "integrity" "sha512-VxPP4NqbUjj6MaAOafWeUn2cXWLcCtljklUtZf0Ind4XQ+QPtmA0b18zZy0jIQx+ExRVCR/ZQpBmik5lXshNsw=="
  "resolved" "https://registry.npmjs.org/fast-diff/-/fast-diff-1.3.0.tgz"
  "version" "1.3.0"

"lodash-es@^4.17.21":
  "integrity" "sha512-mKnC+QJ9pWVzv+C4/U3rRsHapFfHvQFoFB92e52xeyGMcX6/OlIl78je1u8vePzYZSkkogMPJ2yjxxsb89cxyw=="
  "resolved" "https://registry.npmjs.org/lodash-es/-/lodash-es-4.17.21.tgz"
  "version" "4.17.21"

"lodash.clonedeep@^4.5.0":
  "integrity" "sha512-H5ZhCF25riFd9uB5UCkVKo61m3S/xZk1x4wA6yp/L3RFP6Z/eHH1ymQcGLo7J3GMPfm0V/7m1tryHuGVxpqEBQ=="
  "resolved" "https://registry.npmjs.org/lodash.clonedeep/-/lodash.clonedeep-4.5.0.tgz"
  "version" "4.5.0"

"lodash.isequal@^4.5.0":
  "integrity" "sha512-pDo3lu8Jhfjqls6GkMgpahsF9kCyayhgykjyLMNFTKWrpVdAQtYyB4muAMWozBB4ig/dtWAmsMxLEI8wuz+DYQ=="
  "resolved" "https://registry.npmjs.org/lodash.isequal/-/lodash.isequal-4.5.0.tgz"
  "version" "4.5.0"

"ngx-quill@^25.3.2":
  "integrity" "sha512-CukrvIm2XbcoS1ry23UyCIT/7lN/Et/IZsgQP1TW8C4X1b7VZ/H53Ki1jRBEL59u/xH71my9zkp7+kWH86j3vQ=="
  "resolved" "https://registry.npmjs.org/ngx-quill/-/ngx-quill-25.3.2.tgz"
  "version" "25.3.2"
  dependencies:
    "tslib" "^2.3.0"

"node-cron@^2.0.3":
  "integrity" "sha512-eJI+QitXlwcgiZwNNSRbqsjeZMp5shyajMR81RZCqeW0ZDEj4zU9tpd4nTh/1JsBiKbF8d08FCewiipDmVIYjg=="
  "resolved" "https://registry.npmjs.org/node-cron/-/node-cron-2.0.3.tgz"
  "version" "2.0.3"
  dependencies:
    "opencollective-postinstall" "^2.0.0"
    "tz-offset" "0.0.1"

"opencollective-postinstall@^2.0.0":
  "integrity" "sha512-8AV/sCtuzUeTo8gQK5qDZzARrulB3egtLzFgteqB2tcT4Mw7B8Kt7JcDHmltjz6FOAHsvTevk70gZEbhM4ZS9Q=="
  "resolved" "https://registry.npmjs.org/opencollective-postinstall/-/opencollective-postinstall-2.0.3.tgz"
  "version" "2.0.3"

"pampers-portal-v2@file:":
  "resolved" "file:"
  dependencies:
    "ngx-quill" "^25.3.2"
    "node-cron" "^2.0.3"
    "pampers-portal-v2" "file:"

"parchment@^3.0.0":
  "integrity" "sha512-HUrJFQ/StvgmXRcQ1ftY6VEZUq3jA2t9ncFN4F84J/vN0/FPpQF+8FKXb3l6fLces6q0uOHj6NJn+2xvZnxO6A=="
  "resolved" "https://registry.npmjs.org/parchment/-/parchment-3.0.0.tgz"
  "version" "3.0.0"

"quill-delta@^5.1.0":
  "integrity" "sha512-X74oCeRI4/p0ucjb5Ma8adTXd9Scumz367kkMK5V/IatcX6A0vlgLgKbzXWy5nZmCGeNJm2oQX0d2Eqj+ZIlCA=="
  "resolved" "https://registry.npmjs.org/quill-delta/-/quill-delta-5.1.0.tgz"
  "version" "5.1.0"
  dependencies:
    "fast-diff" "^1.3.0"
    "lodash.clonedeep" "^4.5.0"
    "lodash.isequal" "^4.5.0"

"quill@^2.0.0":
  "integrity" "sha512-HtZSieCRgGCfXkc0a4r+e4NlITvl1C1B2cpS+NyNsDskomj+MbfCcUlZ8JxgPCCwmq/vIDbYuyumDkJKVeBcXg=="
  "resolved" "https://registry.npmjs.org/quill/-/quill-2.0.1.tgz"
  "version" "2.0.1"
  dependencies:
    "eventemitter3" "^5.0.1"
    "lodash-es" "^4.17.21"
    "parchment" "^3.0.0"
    "quill-delta" "^5.1.0"

"rxjs@^6.5.3 || ^7.4.0", "rxjs@^7.0.0":
  "integrity" "sha512-AA3TVj+0A2iuIoQkWEK/tqFjBq2j+6PO6Y0zJcvzLAFhEFIO3HL0vls9hWLncZbAAbK0mar7oZ4V079I/qPMxg=="
  "resolved" "https://registry.npmjs.org/rxjs/-/rxjs-7.8.1.tgz"
  "version" "7.8.1"
  dependencies:
    "tslib" "^2.1.0"

"tslib@^2.1.0", "tslib@^2.3.0":
  "integrity" "sha512-AEYxH93jGFPn/a2iVAwW87VuUIkR1FVUKB77NwMF7nBTDkDrrT/Hpt/IrCJ0QXhW27jTBDcf5ZY7w6RiqTMw2Q=="
  "resolved" "https://registry.npmjs.org/tslib/-/tslib-2.6.2.tgz"
  "version" "2.6.2"

"tz-offset@0.0.1":
  "integrity" "sha512-kMBmblijHJXyOpKzgDhKx9INYU4u4E1RPMB0HqmKSgWG8vEcf3exEfLh4FFfzd3xdQOw9EuIy/cP0akY6rHopQ=="
  "resolved" "https://registry.npmjs.org/tz-offset/-/tz-offset-0.0.1.tgz"
  "version" "0.0.1"

"zone.js@~0.14.0":
  "integrity" "sha512-9XYWZzY6PhHOSdkYryNcMm7L8EK7a4q+GbTvxbIA2a9lMdRUpGuyaYvLDcg8D6bdn+JomSsbPcilVKg6SmUx6w=="
  "resolved" "https://registry.npmjs.org/zone.js/-/zone.js-0.14.5.tgz"
  "version" "0.14.5"
  dependencies:
    "tslib" "^2.3.0"
